
Microsoft Visual Studio Solution File, Format Version 12.00
# Visual Studio Version 17
VisualStudioVersion = 17.0.31919.166
MinimumVisualStudioVersion = 10.0.40219.1
Project("{FAE04EC0-301F-11D3-BF4B-00C04F79EFBC}") = "ConsoleAppLesson13", "ConsoleAppLesson13\ConsoleAppLesson13.csproj", "{0AF37A57-D81E-4718-B6A4-8C34CD140DF2}"
EndProject
Global
	GlobalSection(SolutionConfigurationPlatforms) = preSolution
		Debug|Any CPU = Debug|Any CPU
		Release|Any CPU = Release|Any CPU
	EndGlobalSection
	GlobalSection(ProjectConfigurationPlatforms) = postSolution
		{0AF37A57-D81E-4718-B6A4-8C34CD140DF2}.Debug|Any CPU.ActiveCfg = Debug|Any CPU
		{0AF37A57-D81E-4718-B6A4-8C34CD140DF2}.Debug|Any CPU.Build.0 = Debug|Any CPU
		{0AF37A57-D81E-4718-B6A4-8C34CD140DF2}.Release|Any CPU.ActiveCfg = Release|Any CPU
		{0AF37A57-D81E-4718-B6A4-8C34CD140DF2}.Release|Any CPU.Build.0 = Release|Any CPU
	EndGlobalSection
	GlobalSection(SolutionProperties) = preSolution
		HideSolutionNode = FALSE
	EndGlobalSection
	GlobalSection(ExtensibilityGlobals) = postSolution
		SolutionGuid = {DD3AAAE6-C3C7-470A-9A27-29B7D3B67DD5}
	EndGlobalSection
EndGlobal
